
Microsoft Visual Studio Solution File, Format Version 12.00
# Visual Studio Express 15 for Windows Desktop
VisualStudioVersion = 15.0.28010.2046
MinimumVisualStudioVersion = 10.0.40219.1
Project("{FAE04EC0-301F-11D3-BF4B-00C04F79EFBC}") = "20180628-SP.Alumno", "20180628-SP.v1\20180628-SP.Alumno.csproj", "{28C748DA-E056-4201-87AC-D6C5FE82D35E}"
EndProject
Project("{FAE04EC0-301F-11D3-BF4B-00C04F79EFBC}") = "Entidades", "Entidades\Entidades.csproj", "{2721927A-E946-40D8-AB29-7053C0AC7CD5}"
EndProject
Project("{FAE04EC0-301F-11D3-BF4B-00C04F79EFBC}") = "Excepciones", "Excepciones\Excepciones.csproj", "{A1F86560-3A92-4F2E-82FB-E399BDF341AE}"
EndProject
Project("{FAE04EC0-301F-11D3-BF4B-00C04F79EFBC}") = "UnitTestProject1", "UnitTestProject1\UnitTestProject1.csproj", "{CC37D7F0-3E16-4A3A-AFC5-FFB83A63CECF}"
EndProject
Global
	GlobalSection(SolutionConfigurationPlatforms) = preSolution
		Debug|Any CPU = Debug|Any CPU
		Release|Any CPU = Release|Any CPU
	EndGlobalSection
	GlobalSection(ProjectConfigurationPlatforms) = postSolution
		{28C748DA-E056-4201-87AC-D6C5FE82D35E}.Debug|Any CPU.ActiveCfg = Debug|Any CPU
		{28C748DA-E056-4201-87AC-D6C5FE82D35E}.Debug|Any CPU.Build.0 = Debug|Any CPU
		{28C748DA-E056-4201-87AC-D6C5FE82D35E}.Release|Any CPU.ActiveCfg = Release|Any CPU
		{28C748DA-E056-4201-87AC-D6C5FE82D35E}.Release|Any CPU.Build.0 = Release|Any CPU
		{2721927A-E946-40D8-AB29-7053C0AC7CD5}.Debug|Any CPU.ActiveCfg = Debug|Any CPU
		{2721927A-E946-40D8-AB29-7053C0AC7CD5}.Debug|Any CPU.Build.0 = Debug|Any CPU
		{2721927A-E946-40D8-AB29-7053C0AC7CD5}.Release|Any CPU.ActiveCfg = Release|Any CPU
		{2721927A-E946-40D8-AB29-7053C0AC7CD5}.Release|Any CPU.Build.0 = Release|Any CPU
		{A1F86560-3A92-4F2E-82FB-E399BDF341AE}.Debug|Any CPU.ActiveCfg = Debug|Any CPU
		{A1F86560-3A92-4F2E-82FB-E399BDF341AE}.Debug|Any CPU.Build.0 = Debug|Any CPU
		{A1F86560-3A92-4F2E-82FB-E399BDF341AE}.Release|Any CPU.ActiveCfg = Release|Any CPU
		{A1F86560-3A92-4F2E-82FB-E399BDF341AE}.Release|Any CPU.Build.0 = Release|Any CPU
		{CC37D7F0-3E16-4A3A-AFC5-FFB83A63CECF}.Debug|Any CPU.ActiveCfg = Debug|Any CPU
		{CC37D7F0-3E16-4A3A-AFC5-FFB83A63CECF}.Debug|Any CPU.Build.0 = Debug|Any CPU
		{CC37D7F0-3E16-4A3A-AFC5-FFB83A63CECF}.Release|Any CPU.ActiveCfg = Release|Any CPU
		{CC37D7F0-3E16-4A3A-AFC5-FFB83A63CECF}.Release|Any CPU.Build.0 = Release|Any CPU
	EndGlobalSection
	GlobalSection(SolutionProperties) = preSolution
		HideSolutionNode = FALSE
	EndGlobalSection
	GlobalSection(ExtensibilityGlobals) = postSolution
		SolutionGuid = {790B7C2D-F1AB-417D-9AD5-4CB76FE0A12C}
	EndGlobalSection
EndGlobal
